
Microsoft Visual Studio Solution File, Format Version 12.00
# Visual Studio Version 17
VisualStudioVersion = 17.10.34928.147
MinimumVisualStudioVersion = 10.0.40219.1
Project("{FAE04EC0-301F-11D3-BF4B-00C04F79EFBC}") = "Find_IO_Port", "Find_IO_Port\Find_IO_Port.csproj", "{1EBCC5B7-97B8-401F-B5E4-1A2D4BB8116C}"
EndProject
Global
	GlobalSection(SolutionConfigurationPlatforms) = preSolution
		Debug|Any CPU = Debug|Any CPU
		Release|Any CPU = Release|Any CPU
	EndGlobalSection
	GlobalSection(ProjectConfigurationPlatforms) = postSolution
		{1EBCC5B7-97B8-401F-B5E4-1A2D4BB8116C}.Debug|Any CPU.ActiveCfg = Debug|Any CPU
		{1EBCC5B7-97B8-401F-B5E4-1A2D4BB8116C}.Debug|Any CPU.Build.0 = Debug|Any CPU
		{1EBCC5B7-97B8-401F-B5E4-1A2D4BB8116C}.Release|Any CPU.ActiveCfg = Release|Any CPU
		{1EBCC5B7-97B8-401F-B5E4-1A2D4BB8116C}.Release|Any CPU.Build.0 = Release|Any CPU
	EndGlobalSection
	GlobalSection(SolutionProperties) = preSolution
		HideSolutionNode = FALSE
	EndGlobalSection
	GlobalSection(ExtensibilityGlobals) = postSolution
		SolutionGuid = {3A4F77DB-E0D9-4A02-BE10-AFF8A53C1DA1}
	EndGlobalSection
EndGlobal
